github.com/cryptosuite/kyber-go v0.0.2-alpha h1:JHvNqZho24qJq7c4JnyKGtyQuF03VOeEH7TcsKk8yZc=
github.com/cryptosuite/kyber-go v0.0.2-alpha/go.mod h1:1G0Jh7bXJGSUCTrC6ZB9lFpmCF+VFQehDqIwm9dJU3s=
github.com/cryptosuite/liboqs-go v0.9.5-alpha h1:mmCyD1gZRnm6sD214ylg0h17I37BmY8wDDbcvpW4fDc=
github.com/cryptosuite/liboqs-go v0.9.5-alpha/go.mod h1:LzuvuQAJHbED51lHoYr91rBbKRdv2MewGcVCwjE1JCk=
github.com/edsrzf/mmap-go v1.1.0 h1:6EUwBLQ/Mcr1EYLE4Tn1VdW1A4ckqCQWZBw8Hr0kjpQ=
github.com/edsrzf/mmap-go v1.1.0/go.mod h1:19H/e8pUPLicwkyNgOykDXkJ9F0MHE+Z52B8EIth78Q=
github.com/hashicorp/golang-lru v1.0.2 h1:dV3g9Z/unq5DpblPpw+Oqcv4dU/1omnb4Ok8iPY6p1c=
github.com/hashicorp/golang-lru v1.0.2/go.mod h1:iADmTwqILo4mZ8BN3D2Q6+9jd8WM5uGBxy+E8yxSoD4=
github.com/mattn/go-sqlite3 v1.14.22 h1:2gZY6PC6kBnID23Tichd1K+Z0oS6nE/XwU+Vz/5o4kU=
github.com/mattn/go-sqlite3 v1.14.22/go.mod h1:Uh1q+B4BYcTPb+yiD3kU8Ct7aC0hY9fxUwlHK0RXw+Y=
github.com/pqabelian/abec v1.0.1-0.20240724140110-9d84da20fd1a h1:asmFsp5bmbuQigIBHJIIXDynX7Tu1A1/lmW/o+CruDw=
github.com/pqabelian/abec v1.0.1-0.20240724140110-9d84da20fd1a/go.mod h1:6I2vtQAxlWJu8+d5aq/poFPEOLLih68+q5wzgV5Sb2M=
github.com/pqabelian/abeutil v0.0.0-20231107022913-d6d3bf295938 h1:zONjJzpgNvAqNFzFQjL6nhSaclegMdFLFLMwrImwxNM=
github.com/pqabelian/abeutil v0.0.0-20231107022913-d6d3bf295938/go.mod h1:kZhOujT1b8QyruSMsG1gAlFmoWBU4lqsbC5j9+FrKxQ=
github.com/pqabelian/pqringct v0.0.0-20240724124001-42a8952f4b48 h1:jHx23OC26YiJDn1yABiNi2uiIe4UDj7r9sIL9FSlUwM=
github.com/pqabelian/pqringct v0.0.0-20240724124001-42a8952f4b48/go.mod h1:+WellsF92RFs+FVXEOAfKxFOrB/eV2PRDi/tVh68MzQ=
github.com/pqabelian/pqringctx v0.0.0-20240724125306-0783f8ceef6b h1:b1eX93j7+0LtrWe7+0YeSDK5LVZ9/OhUI1AVEJFNMlo=
github.com/pqabelian/pqringctx v0.0.0-20240724125306-0783f8ceef6b/go.mod h1:7eA2mzIIbxe69ewB6sBfLrSXAU8bEqw5CzLqvIcF2Vc=
golang.org/x/crypto v0.0.0-20190308221718-c2843e01d9a2/go.mod h1:djNgcEr1/C05ACkg1iLfiJU5Ep61QUkGW8qpdssI0+w=
golang.org/x/crypto v0.0.0-20200622213623-75b288015ac9/go.mod h1:LzIPMQfyMNhhGPhUkYOs5KpL4U8rLKemX1yGLhDgUto=
golang.org/x/crypto v0.23.0 h1:dIJU/v2J8Mdglj/8rJ6UUOM3Zc9zLZxVZwwxMooUSAI=
golang.org/x/crypto v0.23.0/go.mod h1:CKFgDieR+mRhux2Lsu27y0fO304Db0wZe70UKqHu0v8=
golang.org/x/net v0.0.0-20190404232315-eb5bcb51f2a3/go.mod h1:t9HGtf8HONx5eT2rtn7q6eTqICYqUVnKs3thJo3Qplg=
golang.org/x/sys v0.0.0-20190215142949-d0b11bdaac8a/go.mod h1:STP8DvDyc/dI5b8T5hshtkjS+E42TnysNCUPdjciGhY=
golang.org/x/sys v0.0.0-20190412213103-97732733099d/go.mod h1:h1NjWce9XRLGQEsW7wpKNCjG9DtNlClVuFLEZdDNbEs=
golang.org/x/sys v0.20.0 h1:Od9JTbYCk261bKm4M/mw7AklTlFYIa0bIp9BgSm1S8Y=
golang.org/x/sys v0.20.0/go.mod h1:/VUhepiaJMQUp4+oa/7Zr1D23ma6VTLIYjOOTFZPUcA=
golang.org/x/text v0.3.0/go.mod h1:NqM8EUOU14njkJ3fqMW+pc6Ldnwhi/IjpwHt7yyuwOQ=
